
Microsoft Visual Studio Solution File, Format Version 12.00
# Visual Studio Version 16
VisualStudioVersion = 16.0.30804.86
MinimumVisualStudioVersion = 10.0.40219.1
Project("{9A19103F-16F7-4668-BE54-9A1E7A4F7556}") = "SuperSearcher.BAWeb", "SuperSearcher.BAWeb.csproj", "{1F041BAF-8CA3-482A-A76F-CB41593E46A2}"
EndProject
Project("{9A19103F-16F7-4668-BE54-9A1E7A4F7556}") = "SuperSearcher.BLL", "..\SuperSearcher.BLL\SuperSearcher.BLL.csproj", "{6007902C-89C2-48FE-B6AB-51703F81D234}"
EndProject
Project("{9A19103F-16F7-4668-BE54-9A1E7A4F7556}") = "SuperSearcher.Crude", "..\SuperSearcher.Crude\SuperSearcher.Crude.csproj", "{A54CA410-76C2-443C-9A70-D7DA1056E0B0}"
EndProject
Project("{E53339B2-1760-4266-BCC7-CA923CBCF16C}") = "docker-compose", "docker-compose.dcproj", "{530ABB79-6833-41CC-9B24-A32F58B74B78}"
EndProject
Project("{9A19103F-16F7-4668-BE54-9A1E7A4F7556}") = "SuperSearcher.DAL", "..\SuperSearcher.DAL\SuperSearcher.DAL.csproj", "{E9D366BB-B430-4D65-981C-F45B0BF63E11}"
EndProject
Global
	GlobalSection(SolutionConfigurationPlatforms) = preSolution
		Debug|Any CPU = Debug|Any CPU
		Release|Any CPU = Release|Any CPU
	EndGlobalSection
	GlobalSection(ProjectConfigurationPlatforms) = postSolution
		{1F041BAF-8CA3-482A-A76F-CB41593E46A2}.Debug|Any CPU.ActiveCfg = Debug|Any CPU
		{1F041BAF-8CA3-482A-A76F-CB41593E46A2}.Debug|Any CPU.Build.0 = Debug|Any CPU
		{1F041BAF-8CA3-482A-A76F-CB41593E46A2}.Release|Any CPU.ActiveCfg = Release|Any CPU
		{1F041BAF-8CA3-482A-A76F-CB41593E46A2}.Release|Any CPU.Build.0 = Release|Any CPU
		{6007902C-89C2-48FE-B6AB-51703F81D234}.Debug|Any CPU.ActiveCfg = Debug|Any CPU
		{6007902C-89C2-48FE-B6AB-51703F81D234}.Debug|Any CPU.Build.0 = Debug|Any CPU
		{6007902C-89C2-48FE-B6AB-51703F81D234}.Release|Any CPU.ActiveCfg = Release|Any CPU
		{6007902C-89C2-48FE-B6AB-51703F81D234}.Release|Any CPU.Build.0 = Release|Any CPU
		{A54CA410-76C2-443C-9A70-D7DA1056E0B0}.Debug|Any CPU.ActiveCfg = Debug|Any CPU
		{A54CA410-76C2-443C-9A70-D7DA1056E0B0}.Debug|Any CPU.Build.0 = Debug|Any CPU
		{A54CA410-76C2-443C-9A70-D7DA1056E0B0}.Release|Any CPU.ActiveCfg = Release|Any CPU
		{A54CA410-76C2-443C-9A70-D7DA1056E0B0}.Release|Any CPU.Build.0 = Release|Any CPU
		{530ABB79-6833-41CC-9B24-A32F58B74B78}.Debug|Any CPU.ActiveCfg = Debug|Any CPU
		{530ABB79-6833-41CC-9B24-A32F58B74B78}.Debug|Any CPU.Build.0 = Debug|Any CPU
		{530ABB79-6833-41CC-9B24-A32F58B74B78}.Release|Any CPU.ActiveCfg = Release|Any CPU
		{530ABB79-6833-41CC-9B24-A32F58B74B78}.Release|Any CPU.Build.0 = Release|Any CPU
		{E9D366BB-B430-4D65-981C-F45B0BF63E11}.Debug|Any CPU.ActiveCfg = Debug|Any CPU
		{E9D366BB-B430-4D65-981C-F45B0BF63E11}.Debug|Any CPU.Build.0 = Debug|Any CPU
		{E9D366BB-B430-4D65-981C-F45B0BF63E11}.Release|Any CPU.ActiveCfg = Release|Any CPU
		{E9D366BB-B430-4D65-981C-F45B0BF63E11}.Release|Any CPU.Build.0 = Release|Any CPU
	EndGlobalSection
	GlobalSection(SolutionProperties) = preSolution
		HideSolutionNode = FALSE
	EndGlobalSection
	GlobalSection(ExtensibilityGlobals) = postSolution
		SolutionGuid = {152108A9-BCE7-4C39-8C7D-EE15890106B5}
	EndGlobalSection
EndGlobal
